
Microsoft Visual Studio Solution File, Format Version 12.00
# Visual Studio Version 16
VisualStudioVersion = 16.0.31702.278
MinimumVisualStudioVersion = 10.0.40219.1
Project("{FAE04EC0-301F-11D3-BF4B-00C04F79EFBC}") = "Evolucio", "Evolucio.csproj", "{0007C248-FF3C-442B-8B77-2805F3AA0E45}"
EndProject
Global
	GlobalSection(SolutionConfigurationPlatforms) = preSolution
		Debug|Any CPU = Debug|Any CPU
		Release|Any CPU = Release|Any CPU
	EndGlobalSection
	GlobalSection(ProjectConfigurationPlatforms) = postSolution
		{0007C248-FF3C-442B-8B77-2805F3AA0E45}.Debug|Any CPU.ActiveCfg = Debug|Any CPU
		{0007C248-FF3C-442B-8B77-2805F3AA0E45}.Debug|Any CPU.Build.0 = Debug|Any CPU
		{0007C248-FF3C-442B-8B77-2805F3AA0E45}.Release|Any CPU.ActiveCfg = Release|Any CPU
		{0007C248-FF3C-442B-8B77-2805F3AA0E45}.Release|Any CPU.Build.0 = Release|Any CPU
	EndGlobalSection
	GlobalSection(SolutionProperties) = preSolution
		HideSolutionNode = FALSE
	EndGlobalSection
	GlobalSection(ExtensibilityGlobals) = postSolution
		SolutionGuid = {BC0CF57B-96C4-45A7-8A2C-75077FE194EE}
	EndGlobalSection
EndGlobal
