
Microsoft Visual Studio Solution File, Format Version 12.00
# Visual Studio Version 16
VisualStudioVersion = 16.0.31702.278
MinimumVisualStudioVersion = 10.0.40219.1
Project("{FAE04EC0-301F-11D3-BF4B-00C04F79EFBC}") = "MNBSoap", "MNBSoap.csproj", "{D2DF1588-6A6A-44A5-9BFB-0CAE44ACC097}"
EndProject
Global
	GlobalSection(SolutionConfigurationPlatforms) = preSolution
		Debug|Any CPU = Debug|Any CPU
		Release|Any CPU = Release|Any CPU
	EndGlobalSection
	GlobalSection(ProjectConfigurationPlatforms) = postSolution
		{D2DF1588-6A6A-44A5-9BFB-0CAE44ACC097}.Debug|Any CPU.ActiveCfg = Debug|Any CPU
		{D2DF1588-6A6A-44A5-9BFB-0CAE44ACC097}.Debug|Any CPU.Build.0 = Debug|Any CPU
		{D2DF1588-6A6A-44A5-9BFB-0CAE44ACC097}.Release|Any CPU.ActiveCfg = Release|Any CPU
		{D2DF1588-6A6A-44A5-9BFB-0CAE44ACC097}.Release|Any CPU.Build.0 = Release|Any CPU
	EndGlobalSection
	GlobalSection(SolutionProperties) = preSolution
		HideSolutionNode = FALSE
	EndGlobalSection
	GlobalSection(ExtensibilityGlobals) = postSolution
		SolutionGuid = {7CC356D1-F66D-48AC-8CE0-23EFE8BA3ACD}
	EndGlobalSection
EndGlobal
